
Microsoft Visual Studio Solution File, Format Version 12.00
# Visual Studio 14
VisualStudioVersion = 14.0.23107.0
MinimumVisualStudioVersion = 10.0.40219.1
Project("{8BC9CEB8-8B4A-11D0-8D11-00A0C91BC942}") = "1.线性表的顺序存储表示", "1.顺序表的顺序存储表示\1.顺序表的顺序存储表示.vcxproj", "{0BD8465E-9EC6-4418-8D5C-84261583AD8C}"
EndProject
Project("{8BC9CEB8-8B4A-11D0-8D11-00A0C91BC942}") = "2.单链表的定义和表示", "2.单链表的定义和表示\2.单链表的定义和表示.vcxproj", "{102B57BE-E7D8-4107-9C8E-DA9B83102666}"
EndProject
Project("{8BC9CEB8-8B4A-11D0-8D11-00A0C91BC942}") = "3.双向循环链表的定义和表示", "3.双向链表的定义和表示\3.双向链表的定义和表示.vcxproj", "{B4C50E5D-60F5-45DE-97DF-CBE205B5ECD2}"
EndProject
Project("{8BC9CEB8-8B4A-11D0-8D11-00A0C91BC942}") = "4.顺序栈", "4.栈的定义和表示\4.栈的定义和表示.vcxproj", "{F34FA9EC-2C1E-4347-AB0D-43F2237A1414}"
EndProject
Project("{8BC9CEB8-8B4A-11D0-8D11-00A0C91BC942}") = "7.队列的链式表示和实现", "7.队列的链式表示和实现\7.队列的链式表示和实现.vcxproj", "{C1CA77D9-D22C-4B1C-9A6A-E3BB41F4383C}"
EndProject
Project("{8BC9CEB8-8B4A-11D0-8D11-00A0C91BC942}") = "6.队列的顺序存储表示", "6.队列的顺序存储表示\6.队列的顺序存储表示.vcxproj", "{A7E0B7BD-4C98-4DA7-81C0-27E9D876A757}"
EndProject
Project("{8BC9CEB8-8B4A-11D0-8D11-00A0C91BC942}") = "5.链栈", "5.链栈\5.链栈.vcxproj", "{C0B8B4C7-A3AF-42ED-A69F-F297EE19B32E}"
EndProject
Global
	GlobalSection(SolutionConfigurationPlatforms) = preSolution
		Debug|x64 = Debug|x64
		Debug|x86 = Debug|x86
		Release|x64 = Release|x64
		Release|x86 = Release|x86
	EndGlobalSection
	GlobalSection(ProjectConfigurationPlatforms) = postSolution
		{0BD8465E-9EC6-4418-8D5C-84261583AD8C}.Debug|x64.ActiveCfg = Debug|x64
		{0BD8465E-9EC6-4418-8D5C-84261583AD8C}.Debug|x64.Build.0 = Debug|x64
		{0BD8465E-9EC6-4418-8D5C-84261583AD8C}.Debug|x86.ActiveCfg = Debug|Win32
		{0BD8465E-9EC6-4418-8D5C-84261583AD8C}.Debug|x86.Build.0 = Debug|Win32
		{0BD8465E-9EC6-4418-8D5C-84261583AD8C}.Release|x64.ActiveCfg = Release|x64
		{0BD8465E-9EC6-4418-8D5C-84261583AD8C}.Release|x64.Build.0 = Release|x64
		{0BD8465E-9EC6-4418-8D5C-84261583AD8C}.Release|x86.ActiveCfg = Release|Win32
		{0BD8465E-9EC6-4418-8D5C-84261583AD8C}.Release|x86.Build.0 = Release|Win32
		{102B57BE-E7D8-4107-9C8E-DA9B83102666}.Debug|x64.ActiveCfg = Debug|x64
		{102B57BE-E7D8-4107-9C8E-DA9B83102666}.Debug|x64.Build.0 = Debug|x64
		{102B57BE-E7D8-4107-9C8E-DA9B83102666}.Debug|x86.ActiveCfg = Debug|Win32
		{102B57BE-E7D8-4107-9C8E-DA9B83102666}.Debug|x86.Build.0 = Debug|Win32
		{102B57BE-E7D8-4107-9C8E-DA9B83102666}.Release|x64.ActiveCfg = Release|x64
		{102B57BE-E7D8-4107-9C8E-DA9B83102666}.Release|x64.Build.0 = Release|x64
		{102B57BE-E7D8-4107-9C8E-DA9B83102666}.Release|x86.ActiveCfg = Release|Win32
		{102B57BE-E7D8-4107-9C8E-DA9B83102666}.Release|x86.Build.0 = Release|Win32
		{B4C50E5D-60F5-45DE-97DF-CBE205B5ECD2}.Debug|x64.ActiveCfg = Debug|x64
		{B4C50E5D-60F5-45DE-97DF-CBE205B5ECD2}.Debug|x64.Build.0 = Debug|x64
		{B4C50E5D-60F5-45DE-97DF-CBE205B5ECD2}.Debug|x86.ActiveCfg = Debug|Win32
		{B4C50E5D-60F5-45DE-97DF-CBE205B5ECD2}.Debug|x86.Build.0 = Debug|Win32
		{B4C50E5D-60F5-45DE-97DF-CBE205B5ECD2}.Release|x64.ActiveCfg = Release|x64
		{B4C50E5D-60F5-45DE-97DF-CBE205B5ECD2}.Release|x64.Build.0 = Release|x64
		{B4C50E5D-60F5-45DE-97DF-CBE205B5ECD2}.Release|x86.ActiveCfg = Release|Win32
		{B4C50E5D-60F5-45DE-97DF-CBE205B5ECD2}.Release|x86.Build.0 = Release|Win32
		{F34FA9EC-2C1E-4347-AB0D-43F2237A1414}.Debug|x64.ActiveCfg = Debug|x64
		{F34FA9EC-2C1E-4347-AB0D-43F2237A1414}.Debug|x64.Build.0 = Debug|x64
		{F34FA9EC-2C1E-4347-AB0D-43F2237A1414}.Debug|x86.ActiveCfg = Debug|Win32
		{F34FA9EC-2C1E-4347-AB0D-43F2237A1414}.Debug|x86.Build.0 = Debug|Win32
		{F34FA9EC-2C1E-4347-AB0D-43F2237A1414}.Release|x64.ActiveCfg = Release|x64
		{F34FA9EC-2C1E-4347-AB0D-43F2237A1414}.Release|x64.Build.0 = Release|x64
		{F34FA9EC-2C1E-4347-AB0D-43F2237A1414}.Release|x86.ActiveCfg = Release|Win32
		{F34FA9EC-2C1E-4347-AB0D-43F2237A1414}.Release|x86.Build.0 = Release|Win32
		{C1CA77D9-D22C-4B1C-9A6A-E3BB41F4383C}.Debug|x64.ActiveCfg = Debug|x64
		{C1CA77D9-D22C-4B1C-9A6A-E3BB41F4383C}.Debug|x64.Build.0 = Debug|x64
		{C1CA77D9-D22C-4B1C-9A6A-E3BB41F4383C}.Debug|x86.ActiveCfg = Debug|Win32
		{C1CA77D9-D22C-4B1C-9A6A-E3BB41F4383C}.Debug|x86.Build.0 = Debug|Win32
		{C1CA77D9-D22C-4B1C-9A6A-E3BB41F4383C}.Release|x64.ActiveCfg = Release|x64
		{C1CA77D9-D22C-4B1C-9A6A-E3BB41F4383C}.Release|x64.Build.0 = Release|x64
		{C1CA77D9-D22C-4B1C-9A6A-E3BB41F4383C}.Release|x86.ActiveCfg = Release|Win32
		{C1CA77D9-D22C-4B1C-9A6A-E3BB41F4383C}.Release|x86.Build.0 = Release|Win32
		{A7E0B7BD-4C98-4DA7-81C0-27E9D876A757}.Debug|x64.ActiveCfg = Debug|x64
		{A7E0B7BD-4C98-4DA7-81C0-27E9D876A757}.Debug|x64.Build.0 = Debug|x64
		{A7E0B7BD-4C98-4DA7-81C0-27E9D876A757}.Debug|x86.ActiveCfg = Debug|Win32
		{A7E0B7BD-4C98-4DA7-81C0-27E9D876A757}.Debug|x86.Build.0 = Debug|Win32
		{A7E0B7BD-4C98-4DA7-81C0-27E9D876A757}.Release|x64.ActiveCfg = Release|x64
		{A7E0B7BD-4C98-4DA7-81C0-27E9D876A757}.Release|x64.Build.0 = Release|x64
		{A7E0B7BD-4C98-4DA7-81C0-27E9D876A757}.Release|x86.ActiveCfg = Release|Win32
		{A7E0B7BD-4C98-4DA7-81C0-27E9D876A757}.Release|x86.Build.0 = Release|Win32
		{C0B8B4C7-A3AF-42ED-A69F-F297EE19B32E}.Debug|x64.ActiveCfg = Debug|x64
		{C0B8B4C7-A3AF-42ED-A69F-F297EE19B32E}.Debug|x64.Build.0 = Debug|x64
		{C0B8B4C7-A3AF-42ED-A69F-F297EE19B32E}.Debug|x86.ActiveCfg = Debug|Win32
		{C0B8B4C7-A3AF-42ED-A69F-F297EE19B32E}.Debug|x86.Build.0 = Debug|Win32
		{C0B8B4C7-A3AF-42ED-A69F-F297EE19B32E}.Release|x64.ActiveCfg = Release|x64
		{C0B8B4C7-A3AF-42ED-A69F-F297EE19B32E}.Release|x64.Build.0 = Release|x64
		{C0B8B4C7-A3AF-42ED-A69F-F297EE19B32E}.Release|x86.ActiveCfg = Release|Win32
		{C0B8B4C7-A3AF-42ED-A69F-F297EE19B32E}.Release|x86.Build.0 = Release|Win32
	EndGlobalSection
	GlobalSection(SolutionProperties) = preSolution
		HideSolutionNode = FALSE
	EndGlobalSection
EndGlobal
